
Microsoft Visual Studio Solution File, Format Version 12.00
# Visual Studio 15
VisualStudioVersion = 15.0.28307.102
MinimumVisualStudioVersion = 10.0.40219.1
Project("{FAE04EC0-301F-11D3-BF4B-00C04F79EFBC}") = "SelfHostedOwinWeb", "SelfHostedOwIN\SelfHostedOwinWeb.csproj", "{173C079C-DD5A-4294-913C-E1E5CC8BE85F}"
EndProject
Global
	GlobalSection(SolutionConfigurationPlatforms) = preSolution
		Debug|Any CPU = Debug|Any CPU
		Release|Any CPU = Release|Any CPU
	EndGlobalSection
	GlobalSection(ProjectConfigurationPlatforms) = postSolution
		{173C079C-DD5A-4294-913C-E1E5CC8BE85F}.Debug|Any CPU.ActiveCfg = Debug|Any CPU
		{173C079C-DD5A-4294-913C-E1E5CC8BE85F}.Debug|Any CPU.Build.0 = Debug|Any CPU
		{173C079C-DD5A-4294-913C-E1E5CC8BE85F}.Release|Any CPU.ActiveCfg = Release|Any CPU
		{173C079C-DD5A-4294-913C-E1E5CC8BE85F}.Release|Any CPU.Build.0 = Release|Any CPU
	EndGlobalSection
	GlobalSection(SolutionProperties) = preSolution
		HideSolutionNode = FALSE
	EndGlobalSection
	GlobalSection(ExtensibilityGlobals) = postSolution
		SolutionGuid = {8BD00727-E069-4B69-B74B-3B3AB9AEF3A6}
	EndGlobalSection
EndGlobal
